// !$*UTF8*$!
{
	archiveVersion = 1;
	classes = {
	};
	objectVersion = 55;
	objects = {

/* Begin PBXBuildFile section */
		15C38AE7276DB8080092128D /* CheckpointApp.swift in Sources */ = {isa = PBXBuildFile; fileRef = 15C38AE6276DB8080092128D /* CheckpointApp.swift */; };
		15C38AE9276DB8080092128D /* ContentView.swift in Sources */ = {isa = PBXBuildFile; fileRef = 15C38AE8276DB8080092128D /* ContentView.swift */; };
		15C38AEB276DB80B0092128D /* Assets.xcassets in Resources */ = {isa = PBXBuildFile; fileRef = 15C38AEA276DB80B0092128D /* Assets.xcassets */; };
		15C38AEE276DB80B0092128D /* Preview Assets.xcassets in Resources */ = {isa = PBXBuildFile; fileRef = 15C38AED276DB80B0092128D /* Preview Assets.xcassets */; };
		15C38AFD276EC4420092128D /* MailExtension.swift in Sources */ = {isa = PBXBuildFile; fileRef = 15C38AFC276EC4420092128D /* MailExtension.swift */; };
		15C38AFF276EC4420092128D /* ComposeSessionHandler.swift in Sources */ = {isa = PBXBuildFile; fileRef = 15C38AFE276EC4420092128D /* ComposeSessionHandler.swift */; };
		15C38B03276EC4420092128D /* ComposeSessionViewController.xib in Resources */ = {isa = PBXBuildFile; fileRef = 15C38B02276EC4420092128D /* ComposeSessionViewController.xib */; };
		15C38B08276EC4420092128D /* Checkpoint Extension.appex in Embed App Extensions */ = {isa = PBXBuildFile; fileRef = 15C38AFA276EC4420092128D /* Checkpoint Extension.appex */; settings = {ATTRIBUTES = (RemoveHeadersOnCopy, ); }; };
/* End PBXBuildFile section */

/* Begin PBXContainerItemProxy section */
		15C38B06276EC4420092128D /* PBXContainerItemProxy */ = {
			isa = PBXContainerItemProxy;
			containerPortal = 15C38ADB276DB8080092128D /* Project object */;
			proxyType = 1;
			remoteGlobalIDString = 15C38AF9276EC4420092128D;
			remoteInfo = Checkpoint;
		};
/* End PBXContainerItemProxy section */

/* Begin PBXCopyFilesBuildPhase section */
		15C38B0C276EC4420092128D /* Embed App Extensions */ = {
			isa = PBXCopyFilesBuildPhase;
			buildActionMask = 2147483647;
			dstPath = "";
			dstSubfolderSpec = 13;
			files = (
				15C38B08276EC4420092128D /* Checkpoint Extension.appex in Embed App Extensions */,
			);
			name = "Embed App Extensions";
			runOnlyForDeploymentPostprocessing = 0;
		};
/* End PBXCopyFilesBuildPhase section */

/* Begin PBXFileReference section */
		15C38AE3276DB8080092128D /* Checkpoint.app */ = {isa = PBXFileReference; explicitFileType = wrapper.application; includeInIndex = 0; path = Checkpoint.app; sourceTree = BUILT_PRODUCTS_DIR; };
		15C38AE6276DB8080092128D /* CheckpointApp.swift */ = {isa = PBXFileReference; lastKnownFileType = sourcecode.swift; path = CheckpointApp.swift; sourceTree = "<group>"; };
		15C38AE8276DB8080092128D /* ContentView.swift */ = {isa = PBXFileReference; lastKnownFileType = sourcecode.swift; path = ContentView.swift; sourceTree = "<group>"; };
		15C38AEA276DB80B0092128D /* Assets.xcassets */ = {isa = PBXFileReference; lastKnownFileType = folder.assetcatalog; path = Assets.xcassets; sourceTree = "<group>"; };
		15C38AED276DB80B0092128D /* Preview Assets.xcassets */ = {isa = PBXFileReference; lastKnownFileType = folder.assetcatalog; path = "Preview Assets.xcassets"; sourceTree = "<group>"; };
		15C38AEF276DB80B0092128D /* Checkpoint.entitlements */ = {isa = PBXFileReference; lastKnownFileType = text.plist.entitlements; path = Checkpoint.entitlements; sourceTree = "<group>"; };
		15C38AFA276EC4420092128D /* Checkpoint Extension.appex */ = {isa = PBXFileReference; explicitFileType = "wrapper.app-extension"; includeInIndex = 0; path = "Checkpoint Extension.appex"; sourceTree = BUILT_PRODUCTS_DIR; };
		15C38AFC276EC4420092128D /* MailExtension.swift */ = {isa = PBXFileReference; lastKnownFileType = sourcecode.swift; path = MailExtension.swift; sourceTree = "<group>"; };
		15C38AFE276EC4420092128D /* ComposeSessionHandler.swift */ = {isa = PBXFileReference; lastKnownFileType = sourcecode.swift; path = ComposeSessionHandler.swift; sourceTree = "<group>"; };
		15C38B02276EC4420092128D /* ComposeSessionViewController.xib */ = {isa = PBXFileReference; lastKnownFileType = file.xib; path = ComposeSessionViewController.xib; sourceTree = "<group>"; };
		15C38B04276EC4420092128D /* Info.plist */ = {isa = PBXFileReference; lastKnownFileType = text.plist.xml; path = Info.plist; sourceTree = "<group>"; };
		15C38B05276EC4420092128D /* Checkpoint.entitlements */ = {isa = PBXFileReference; lastKnownFileType = text.plist.entitlements; path = Checkpoint.entitlements; sourceTree = "<group>"; };
/* End PBXFileReference section */

/* Begin PBXFrameworksBuildPhase section */
		15C38AE0276DB8080092128D /* Frameworks */ = {
			isa = PBXFrameworksBuildPhase;
			buildActionMask = 2147483647;
			files = (
			);
			runOnlyForDeploymentPostprocessing = 0;
		};
		15C38AF7276EC4420092128D /* Frameworks */ = {
			isa = PBXFrameworksBuildPhase;
			buildActionMask = 2147483647;
			files = (
			);
			runOnlyForDeploymentPostprocessing = 0;
		};
/* End PBXFrameworksBuildPhase section */

/* Begin PBXGroup section */
		15C38ADA276DB8080092128D = {
			isa = PBXGroup;
			children = (
				15C38AE5276DB8080092128D /* Checkpoint */,
				15C38AFB276EC4420092128D /* Checkpoint */,
				15C38AE4276DB8080092128D /* Products */,
			);
			sourceTree = "<group>";
		};
		15C38AE4276DB8080092128D /* Products */ = {
			isa = PBXGroup;
			children = (
				15C38AE3276DB8080092128D /* Checkpoint.app */,
				15C38AFA276EC4420092128D /* Checkpoint Extension.appex */,
			);
			name = Products;
			sourceTree = "<group>";
		};
		15C38AE5276DB8080092128D /* Checkpoint */ = {
			isa = PBXGroup;
			children = (
				15C38AE6276DB8080092128D /* CheckpointApp.swift */,
				15C38AE8276DB8080092128D /* ContentView.swift */,
				15C38AEA276DB80B0092128D /* Assets.xcassets */,
				15C38AEF276DB80B0092128D /* Checkpoint.entitlements */,
				15C38AEC276DB80B0092128D /* Preview Content */,
			);
			path = Checkpoint;
			sourceTree = "<group>";
		};
		15C38AEC276DB80B0092128D /* Preview Content */ = {
			isa = PBXGroup;
			children = (
				15C38AED276DB80B0092128D /* Preview Assets.xcassets */,
			);
			path = "Preview Content";
			sourceTree = "<group>";
		};
		15C38AFB276EC4420092128D /* Checkpoint */ = {
			isa = PBXGroup;
			children = (
				15C38AFC276EC4420092128D /* MailExtension.swift */,
				15C38AFE276EC4420092128D /* ComposeSessionHandler.swift */,
				15C38B02276EC4420092128D /* ComposeSessionViewController.xib */,
				15C38B04276EC4420092128D /* Info.plist */,
				15C38B05276EC4420092128D /* Checkpoint.entitlements */,
			);
			path = Checkpoint;
			sourceTree = "<group>";
		};
/* End PBXGroup section */

/* Begin PBXNativeTarget section */
		15C38AE2276DB8080092128D /* Checkpoint App */ = {
			isa = PBXNativeTarget;
			buildConfigurationList = 15C38AF2276DB80B0092128D /* Build configuration list for PBXNativeTarget "Checkpoint App" */;
			buildPhases = (
				15C38ADF276DB8080092128D /* Sources */,
				15C38AE0276DB8080092128D /* Frameworks */,
				15C38AE1276DB8080092128D /* Resources */,
				15C38B0C276EC4420092128D /* Embed App Extensions */,
			);
			buildRules = (
			);
			dependencies = (
				15C38B07276EC4420092128D /* PBXTargetDependency */,
			);
			name = "Checkpoint App";
			productName = Checkpoint;
			productReference = 15C38AE3276DB8080092128D /* Checkpoint.app */;
			productType = "com.apple.product-type.application";
		};
		15C38AF9276EC4420092128D /* Checkpoint Extension */ = {
			isa = PBXNativeTarget;
			buildConfigurationList = 15C38B09276EC4420092128D /* Build configuration list for PBXNativeTarget "Checkpoint Extension" */;
			buildPhases = (
				15C38AF6276EC4420092128D /* Sources */,
				15C38AF7276EC4420092128D /* Frameworks */,
				15C38AF8276EC4420092128D /* Resources */,
			);
			buildRules = (
			);
			dependencies = (
			);
			name = "Checkpoint Extension";
			productName = Checkpoint;
			productReference = 15C38AFA276EC4420092128D /* Checkpoint Extension.appex */;
			productType = "com.apple.product-type.app-extension";
		};
/* End PBXNativeTarget section */

/* Begin PBXProject section */
		15C38ADB276DB8080092128D /* Project object */ = {
			isa = PBXProject;
			attributes = {
				BuildIndependentTargetsInParallel = 1;
				LastSwiftUpdateCheck = 1310;
				LastUpgradeCheck = 1310;
				TargetAttributes = {
					15C38AE2276DB8080092128D = {
						CreatedOnToolsVersion = 13.1;
					};
					15C38AF9276EC4420092128D = {
						CreatedOnToolsVersion = 13.1;
					};
				};
			};
			buildConfigurationList = 15C38ADE276DB8080092128D /* Build configuration list for PBXProject "Checkpoint" */;
			compatibilityVersion = "Xcode 13.0";
			developmentRegion = en;
			hasScannedForEncodings = 0;
			knownRegions = (
				en,
				Base,
			);
			mainGroup = 15C38ADA276DB8080092128D;
			productRefGroup = 15C38AE4276DB8080092128D /* Products */;
			projectDirPath = "";
			projectRoot = "";
			targets = (
				15C38AE2276DB8080092128D /* Checkpoint App */,
				15C38AF9276EC4420092128D /* Checkpoint Extension */,
			);
		};
/* End PBXProject section */

/* Begin PBXResourcesBuildPhase section */
		15C38AE1276DB8080092128D /* Resources */ = {
			isa = PBXResourcesBuildPhase;
			buildActionMask = 2147483647;
			files = (
				15C38AEE276DB80B0092128D /* Preview Assets.xcassets in Resources */,
				15C38AEB276DB80B0092128D /* Assets.xcassets in Resources */,
			);
			runOnlyForDeploymentPostprocessing = 0;
		};
		15C38AF8276EC4420092128D /* Resources */ = {
			isa = PBXResourcesBuildPhase;
			buildActionMask = 2147483647;
			files = (
				15C38B03276EC4420092128D /* ComposeSessionViewController.xib in Resources */,
			);
			runOnlyForDeploymentPostprocessing = 0;
		};
/* End PBXResourcesBuildPhase section */

/* Begin PBXSourcesBuildPhase section */
		15C38ADF276DB8080092128D /* Sources */ = {
			isa = PBXSourcesBuildPhase;
			buildActionMask = 2147483647;
			files = (
				15C38AE9276DB8080092128D /* ContentView.swift in Sources */,
				15C38AE7276DB8080092128D /* CheckpointApp.swift in Sources */,
			);
			runOnlyForDeploymentPostprocessing = 0;
		};
		15C38AF6276EC4420092128D /* Sources */ = {
			isa = PBXSourcesBuildPhase;
			buildActionMask = 2147483647;
			files = (
				15C38AFF276EC4420092128D /* ComposeSessionHandler.swift in Sources */,
				15C38AFD276EC4420092128D /* MailExtension.swift in Sources */,
			);
			runOnlyForDeploymentPostprocessing = 0;
		};
/* End PBXSourcesBuildPhase section */

/* Begin PBXTargetDependency section */
		15C38B07276EC4420092128D /* PBXTargetDependency */ = {
			isa = PBXTargetDependency;
			target = 15C38AF9276EC4420092128D /* Checkpoint Extension */;
			targetProxy = 15C38B06276EC4420092128D /* PBXContainerItemProxy */;
		};
/* End PBXTargetDependency section */

/* Begin XCBuildConfiguration section */
		15C38AF0276DB80B0092128D /* Debug */ = {
			isa = XCBuildConfiguration;
			buildSettings = {
				ALWAYS_SEARCH_USER_PATHS = NO;
				CLANG_ANALYZER_NONNULL = YES;
				CLANG_ANALYZER_NUMBER_OBJECT_CONVERSION = YES_AGGRESSIVE;
				CLANG_CXX_LANGUAGE_STANDARD = "gnu++17";
				CLANG_CXX_LIBRARY = "libc++";
				CLANG_ENABLE_MODULES = YES;
				CLANG_ENABLE_OBJC_ARC = YES;
				CLANG_ENABLE_OBJC_WEAK = YES;
				CLANG_WARN_BLOCK_CAPTURE_AUTORELEASING = YES;
				CLANG_WARN_BOOL_CONVERSION = YES;
				CLANG_WARN_COMMA = YES;
				CLANG_WARN_CONSTANT_CONVERSION = YES;
				CLANG_WARN_DEPRECATED_OBJC_IMPLEMENTATIONS = YES;
				CLANG_WARN_DIRECT_OBJC_ISA_USAGE = YES_ERROR;
				CLANG_WARN_DOCUMENTATION_COMMENTS = YES;
				CLANG_WARN_EMPTY_BODY = YES;
				CLANG_WARN_ENUM_CONVERSION = YES;
				CLANG_WARN_INFINITE_RECURSION = YES;
				CLANG_WARN_INT_CONVERSION = YES;
				CLANG_WARN_NON_LITERAL_NULL_CONVERSION = YES;
				CLANG_WARN_OBJC_IMPLICIT_RETAIN_SELF = YES;
				CLANG_WARN_OBJC_LITERAL_CONVERSION = YES;
				CLANG_WARN_OBJC_ROOT_CLASS = YES_ERROR;
				CLANG_WARN_QUOTED_INCLUDE_IN_FRAMEWORK_HEADER = YES;
				CLANG_WARN_RANGE_LOOP_ANALYSIS = YES;
				CLANG_WARN_STRICT_PROTOTYPES = YES;
				CLANG_WARN_SUSPICIOUS_MOVE = YES;
				CLANG_WARN_UNGUARDED_AVAILABILITY = YES_AGGRESSIVE;
				CLANG_WARN_UNREACHABLE_CODE = YES;
				CLANG_WARN__DUPLICATE_METHOD_MATCH = YES;
				COPY_PHASE_STRIP = NO;
				DEBUG_INFORMATION_FORMAT = dwarf;
				ENABLE_STRICT_OBJC_MSGSEND = YES;
				ENABLE_TESTABILITY = YES;
				GCC_C_LANGUAGE_STANDARD = gnu11;
				GCC_DYNAMIC_NO_PIC = NO;
				GCC_NO_COMMON_BLOCKS = YES;
				GCC_OPTIMIZATION_LEVEL = 0;
				GCC_PREPROCESSOR_DEFINITIONS = (
					"DEBUG=1",
					"$(inherited)",
				);
				GCC_WARN_64_TO_32_BIT_CONVERSION = YES;
				GCC_WARN_ABOUT_RETURN_TYPE = YES_ERROR;
				GCC_WARN_UNDECLARED_SELECTOR = YES;
				GCC_WARN_UNINITIALIZED_AUTOS = YES_AGGRESSIVE;
				GCC_WARN_UNUSED_FUNCTION = YES;
				GCC_WARN_UNUSED_VARIABLE = YES;
				MACOSX_DEPLOYMENT_TARGET = 12.0;
				MTL_ENABLE_DEBUG_INFO = INCLUDE_SOURCE;
				MTL_FAST_MATH = YES;
				ONLY_ACTIVE_ARCH = YES;
				SDKROOT = macosx;
				SWIFT_ACTIVE_COMPILATION_CONDITIONS = DEBUG;
				SWIFT_OPTIMIZATION_LEVEL = "-Onone";
			};
			name = Debug;
		};
		15C38AF1276DB80B0092128D /* Release */ = {
			isa = XCBuildConfiguration;
			buildSettings = {
				ALWAYS_SEARCH_USER_PATHS = NO;
				CLANG_ANALYZER_NONNULL = YES;
				CLANG_ANALYZER_NUMBER_OBJECT_CONVERSION = YES_AGGRESSIVE;
				CLANG_CXX_LANGUAGE_STANDARD = "gnu++17";
				CLANG_CXX_LIBRARY = "libc++";
				CLANG_ENABLE_MODULES = YES;
				CLANG_ENABLE_OBJC_ARC = YES;
				CLANG_ENABLE_OBJC_WEAK = YES;
				CLANG_WARN_BLOCK_CAPTURE_AUTORELEASING = YES;
				CLANG_WARN_BOOL_CONVERSION = YES;
				CLANG_WARN_COMMA = YES;
				CLANG_WARN_CONSTANT_CONVERSION = YES;
				CLANG_WARN_DEPRECATED_OBJC_IMPLEMENTATIONS = YES;
				CLANG_WARN_DIRECT_OBJC_ISA_USAGE = YES_ERROR;
				CLANG_WARN_DOCUMENTATION_COMMENTS = YES;
				CLANG_WARN_EMPTY_BODY = YES;
				CLANG_WARN_ENUM_CONVERSION = YES;
				CLANG_WARN_INFINITE_RECURSION = YES;
				CLANG_WARN_INT_CONVERSION = YES;
				CLANG_WARN_NON_LITERAL_NULL_CONVERSION = YES;
				CLANG_WARN_OBJC_IMPLICIT_RETAIN_SELF = YES;
				CLANG_WARN_OBJC_LITERAL_CONVERSION = YES;
				CLANG_WARN_OBJC_ROOT_CLASS = YES_ERROR;
				CLANG_WARN_QUOTED_INCLUDE_IN_FRAMEWORK_HEADER = YES;
				CLANG_WARN_RANGE_LOOP_ANALYSIS = YES;
				CLANG_WARN_STRICT_PROTOTYPES = YES;
				CLANG_WARN_SUSPICIOUS_MOVE = YES;
				CLANG_WARN_UNGUARDED_AVAILABILITY = YES_AGGRESSIVE;
				CLANG_WARN_UNREACHABLE_CODE = YES;
				CLANG_WARN__DUPLICATE_METHOD_MATCH = YES;
				COPY_PHASE_STRIP = NO;
				DEBUG_INFORMATION_FORMAT = "dwarf-with-dsym";
				ENABLE_NS_ASSERTIONS = NO;
				ENABLE_STRICT_OBJC_MSGSEND = YES;
				GCC_C_LANGUAGE_STANDARD = gnu11;
				GCC_NO_COMMON_BLOCKS = YES;
				GCC_WARN_64_TO_32_BIT_CONVERSION = YES;
				GCC_WARN_ABOUT_RETURN_TYPE = YES_ERROR;
				GCC_WARN_UNDECLARED_SELECTOR = YES;
				GCC_WARN_UNINITIALIZED_AUTOS = YES_AGGRESSIVE;
				GCC_WARN_UNUSED_FUNCTION = YES;
				GCC_WARN_UNUSED_VARIABLE = YES;
				MACOSX_DEPLOYMENT_TARGET = 12.0;
				MTL_ENABLE_DEBUG_INFO = NO;
				MTL_FAST_MATH = YES;
				SDKROOT = macosx;
				SWIFT_COMPILATION_MODE = wholemodule;
				SWIFT_OPTIMIZATION_LEVEL = "-O";
			};
			name = Release;
		};
		15C38AF3276DB80B0092128D /* Debug */ = {
			isa = XCBuildConfiguration;
			buildSettings = {
				ALWAYS_EMBED_SWIFT_STANDARD_LIBRARIES = YES;
				ASSETCATALOG_COMPILER_APPICON_NAME = AppIcon;
				ASSETCATALOG_COMPILER_GLOBAL_ACCENT_COLOR_NAME = AccentColor;
				CODE_SIGN_ENTITLEMENTS = Checkpoint/Checkpoint.entitlements;
				CODE_SIGN_STYLE = Automatic;
				COMBINE_HIDPI_IMAGES = YES;
				CURRENT_PROJECT_VERSION = 1;
				DEVELOPMENT_ASSET_PATHS = "\"Checkpoint/Preview Content\"";
				DEVELOPMENT_TEAM = P6PV2R9443;
				ENABLE_HARDENED_RUNTIME = YES;
				ENABLE_PREVIEWS = YES;
				GENERATE_INFOPLIST_FILE = YES;
				INFOPLIST_KEY_NSHumanReadableCopyright = "";
				LD_RUNPATH_SEARCH_PATHS = (
					"$(inherited)",
					"@executable_path/../Frameworks",
				);
				MARKETING_VERSION = 1.0;
				PRODUCT_BUNDLE_IDENTIFIER = sh.linus.CheckpointApp;
				PRODUCT_NAME = Checkpoint;
				SWIFT_EMIT_LOC_STRINGS = YES;
				SWIFT_VERSION = 5.0;
			};
			name = Debug;
		};
		15C38AF4276DB80B0092128D /* Release */ = {
			isa = XCBuildConfiguration;
			buildSettings = {
				ALWAYS_EMBED_SWIFT_STANDARD_LIBRARIES = YES;
				ASSETCATALOG_COMPILER_APPICON_NAME = AppIcon;
				ASSETCATALOG_COMPILER_GLOBAL_ACCENT_COLOR_NAME = AccentColor;
				CODE_SIGN_ENTITLEMENTS = Checkpoint/Checkpoint.entitlements;
				CODE_SIGN_STYLE = Automatic;
				COMBINE_HIDPI_IMAGES = YES;
				CURRENT_PROJECT_VERSION = 1;
				DEVELOPMENT_ASSET_PATHS = "\"Checkpoint/Preview Content\"";
				DEVELOPMENT_TEAM = P6PV2R9443;
				ENABLE_HARDENED_RUNTIME = YES;
				ENABLE_PREVIEWS = YES;
				GENERATE_INFOPLIST_FILE = YES;
				INFOPLIST_KEY_NSHumanReadableCopyright = "";
				LD_RUNPATH_SEARCH_PATHS = (
					"$(inherited)",
					"@executable_path/../Frameworks",
				);
				MARKETING_VERSION = 1.0;
				PRODUCT_BUNDLE_IDENTIFIER = sh.linus.CheckpointApp;
				PRODUCT_NAME = Checkpoint;
				SWIFT_EMIT_LOC_STRINGS = YES;
				SWIFT_VERSION = 5.0;
			};
			name = Release;
		};
		15C38B0A276EC4420092128D /* Debug */ = {
			isa = XCBuildConfiguration;
			buildSettings = {
				CODE_SIGN_ENTITLEMENTS = Checkpoint/Checkpoint.entitlements;
				CODE_SIGN_STYLE = Automatic;
				COMBINE_HIDPI_IMAGES = YES;
				CURRENT_PROJECT_VERSION = 1;
				DEVELOPMENT_TEAM = P6PV2R9443;
				ENABLE_HARDENED_RUNTIME = YES;
				GENERATE_INFOPLIST_FILE = YES;
				INFOPLIST_FILE = Checkpoint/Info.plist;
				INFOPLIST_KEY_CFBundleDisplayName = Checkpoint;
				INFOPLIST_KEY_NSHumanReadableCopyright = "";
				LD_RUNPATH_SEARCH_PATHS = (
					"$(inherited)",
					"@executable_path/../Frameworks",
					"@executable_path/../../../../Frameworks",
				);
				MACOSX_DEPLOYMENT_TARGET = 12.0;
				MARKETING_VERSION = 1.0;
				PRODUCT_BUNDLE_IDENTIFIER = sh.linus.CheckpointApp.Checkpoint;
				PRODUCT_NAME = "$(TARGET_NAME)";
				SKIP_INSTALL = YES;
				SWIFT_EMIT_LOC_STRINGS = YES;
				SWIFT_VERSION = 5.0;
			};
			name = Debug;
		};
		15C38B0B276EC4420092128D /* Release */ = {
			isa = XCBuildConfiguration;
			buildSettings = {
				CODE_SIGN_ENTITLEMENTS = Checkpoint/Checkpoint.entitlements;
				CODE_SIGN_STYLE = Automatic;
				COMBINE_HIDPI_IMAGES = YES;
				CURRENT_PROJECT_VERSION = 1;
				DEVELOPMENT_TEAM = P6PV2R9443;
				ENABLE_HARDENED_RUNTIME = YES;
				GENERATE_INFOPLIST_FILE = YES;
				INFOPLIST_FILE = Checkpoint/Info.plist;
				INFOPLIST_KEY_CFBundleDisplayName = Checkpoint;
				INFOPLIST_KEY_NSHumanReadableCopyright = "";
				LD_RUNPATH_SEARCH_PATHS = (
					"$(inherited)",
					"@executable_path/../Frameworks",
					"@executable_path/../../../../Frameworks",
				);
				MACOSX_DEPLOYMENT_TARGET = 12.0;
				MARKETING_VERSION = 1.0;
				PRODUCT_BUNDLE_IDENTIFIER = sh.linus.CheckpointApp.Checkpoint;
				PRODUCT_NAME = "$(TARGET_NAME)";
				SKIP_INSTALL = YES;
				SWIFT_EMIT_LOC_STRINGS = YES;
				SWIFT_VERSION = 5.0;
			};
			name = Release;
		};
/* End XCBuildConfiguration section */

/* Begin XCConfigurationList section */
		15C38ADE276DB8080092128D /* Build configuration list for PBXProject "Checkpoint" */ = {
			isa = XCConfigurationList;
			buildConfigurations = (
				15C38AF0276DB80B0092128D /* Debug */,
				15C38AF1276DB80B0092128D /* Release */,
			);
			defaultConfigurationIsVisible = 0;
			defaultConfigurationName = Release;
		};
		15C38AF2276DB80B0092128D /* Build configuration list for PBXNativeTarget "Checkpoint App" */ = {
			isa = XCConfigurationList;
			buildConfigurations = (
				15C38AF3276DB80B0092128D /* Debug */,
				15C38AF4276DB80B0092128D /* Release */,
			);
			defaultConfigurationIsVisible = 0;
			defaultConfigurationName = Release;
		};
		15C38B09276EC4420092128D /* Build configuration list for PBXNativeTarget "Checkpoint Extension" */ = {
			isa = XCConfigurationList;
			buildConfigurations = (
				15C38B0A276EC4420092128D /* Debug */,
				15C38B0B276EC4420092128D /* Release */,
			);
			defaultConfigurationIsVisible = 0;
			defaultConfigurationName = Release;
		};
/* End XCConfigurationList section */
	};
	rootObject = 15C38ADB276DB8080092128D /* Project object */;
}
