// !$*UTF8*$!
{
	archiveVersion = 1;
	classes = {
	};
	objectVersion = 55;
	objects = {

/* Begin PBXBuildFile section */
		152423EA2A3590A900BFBD33 /* ComposeSessionView.swift in Sources */ = {isa = PBXBuildFile; fileRef = 152423E92A3590A900BFBD33 /* ComposeSessionView.swift */; };
		152423ED2A35928A00BFBD33 /* SessionStore.swift in Sources */ = {isa = PBXBuildFile; fileRef = 152423EC2A35928A00BFBD33 /* SessionStore.swift */; };
		155C6123282F6DF200E26A22 /* CheckpointApp.swift in Sources */ = {isa = PBXBuildFile; fileRef = 155C6122282F6DF200E26A22 /* CheckpointApp.swift */; };
		155C6125282F6DF200E26A22 /* ContentView.swift in Sources */ = {isa = PBXBuildFile; fileRef = 155C6124282F6DF200E26A22 /* ContentView.swift */; };
		155C6127282F6DF600E26A22 /* Assets.xcassets in Resources */ = {isa = PBXBuildFile; fileRef = 155C6126282F6DF600E26A22 /* Assets.xcassets */; };
		155C612A282F6DF600E26A22 /* Preview Assets.xcassets in Resources */ = {isa = PBXBuildFile; fileRef = 155C6129282F6DF600E26A22 /* Preview Assets.xcassets */; };
		1599F9882A3453A900645DBA /* BodyScan.xcassets in Resources */ = {isa = PBXBuildFile; fileRef = 1599F9872A3453A900645DBA /* BodyScan.xcassets */; };
		15E0F465282F6F6B0073F2E8 /* MailExtension.swift in Sources */ = {isa = PBXBuildFile; fileRef = 15E0F464282F6F6B0073F2E8 /* MailExtension.swift */; };
		15E0F467282F6F6B0073F2E8 /* ComposeSessionHandler.swift in Sources */ = {isa = PBXBuildFile; fileRef = 15E0F466282F6F6B0073F2E8 /* ComposeSessionHandler.swift */; };
		15E0F470282F6F6B0073F2E8 /* BodyScan.appex in Embed Foundation Extensions */ = {isa = PBXBuildFile; fileRef = 15E0F462282F6F6B0073F2E8 /* BodyScan.appex */; settings = {ATTRIBUTES = (RemoveHeadersOnCopy, ); }; };
/* End PBXBuildFile section */

/* Begin PBXContainerItemProxy section */
		15E0F46E282F6F6B0073F2E8 /* PBXContainerItemProxy */ = {
			isa = PBXContainerItemProxy;
			containerPortal = 155C6117282F6DF200E26A22 /* Project object */;
			proxyType = 1;
			remoteGlobalIDString = 15E0F461282F6F6B0073F2E8;
			remoteInfo = BodyScan;
		};
/* End PBXContainerItemProxy section */

/* Begin PBXCopyFilesBuildPhase section */
		15E0F471282F6F6B0073F2E8 /* Embed Foundation Extensions */ = {
			isa = PBXCopyFilesBuildPhase;
			buildActionMask = 2147483647;
			dstPath = "";
			dstSubfolderSpec = 13;
			files = (
				15E0F470282F6F6B0073F2E8 /* BodyScan.appex in Embed Foundation Extensions */,
			);
			name = "Embed Foundation Extensions";
			runOnlyForDeploymentPostprocessing = 0;
		};
/* End PBXCopyFilesBuildPhase section */

/* Begin PBXFileReference section */
		152423E92A3590A900BFBD33 /* ComposeSessionView.swift */ = {isa = PBXFileReference; lastKnownFileType = sourcecode.swift; path = ComposeSessionView.swift; sourceTree = "<group>"; };
		152423EC2A35928A00BFBD33 /* SessionStore.swift */ = {isa = PBXFileReference; lastKnownFileType = sourcecode.swift; path = SessionStore.swift; sourceTree = "<group>"; };
		155C611F282F6DF200E26A22 /* Checkpoint.app */ = {isa = PBXFileReference; explicitFileType = wrapper.application; includeInIndex = 0; path = Checkpoint.app; sourceTree = BUILT_PRODUCTS_DIR; };
		155C6122282F6DF200E26A22 /* CheckpointApp.swift */ = {isa = PBXFileReference; lastKnownFileType = sourcecode.swift; path = CheckpointApp.swift; sourceTree = "<group>"; };
		155C6124282F6DF200E26A22 /* ContentView.swift */ = {isa = PBXFileReference; lastKnownFileType = sourcecode.swift; path = ContentView.swift; sourceTree = "<group>"; };
		155C6126282F6DF600E26A22 /* Assets.xcassets */ = {isa = PBXFileReference; lastKnownFileType = folder.assetcatalog; path = Assets.xcassets; sourceTree = "<group>"; };
		155C6129282F6DF600E26A22 /* Preview Assets.xcassets */ = {isa = PBXFileReference; lastKnownFileType = folder.assetcatalog; path = "Preview Assets.xcassets"; sourceTree = "<group>"; };
		155C612B282F6DF600E26A22 /* Checkpoint.entitlements */ = {isa = PBXFileReference; lastKnownFileType = text.plist.entitlements; path = Checkpoint.entitlements; sourceTree = "<group>"; };
		1599F9872A3453A900645DBA /* BodyScan.xcassets */ = {isa = PBXFileReference; lastKnownFileType = folder.assetcatalog; path = BodyScan.xcassets; sourceTree = "<group>"; };
		15E0F462282F6F6B0073F2E8 /* BodyScan.appex */ = {isa = PBXFileReference; explicitFileType = "wrapper.app-extension"; includeInIndex = 0; path = BodyScan.appex; sourceTree = BUILT_PRODUCTS_DIR; };
		15E0F464282F6F6B0073F2E8 /* MailExtension.swift */ = {isa = PBXFileReference; lastKnownFileType = sourcecode.swift; path = MailExtension.swift; sourceTree = "<group>"; };
		15E0F466282F6F6B0073F2E8 /* ComposeSessionHandler.swift */ = {isa = PBXFileReference; lastKnownFileType = sourcecode.swift; path = ComposeSessionHandler.swift; sourceTree = "<group>"; };
		15E0F46C282F6F6B0073F2E8 /* Info.plist */ = {isa = PBXFileReference; lastKnownFileType = text.plist.xml; path = Info.plist; sourceTree = "<group>"; };
		15E0F46D282F6F6B0073F2E8 /* BodyScan.entitlements */ = {isa = PBXFileReference; lastKnownFileType = text.plist.entitlements; path = BodyScan.entitlements; sourceTree = "<group>"; };
/* End PBXFileReference section */

/* Begin PBXFrameworksBuildPhase section */
		155C611C282F6DF200E26A22 /* Frameworks */ = {
			isa = PBXFrameworksBuildPhase;
			buildActionMask = 2147483647;
			files = (
			);
			runOnlyForDeploymentPostprocessing = 0;
		};
		15E0F45F282F6F6B0073F2E8 /* Frameworks */ = {
			isa = PBXFrameworksBuildPhase;
			buildActionMask = 2147483647;
			files = (
			);
			runOnlyForDeploymentPostprocessing = 0;
		};
/* End PBXFrameworksBuildPhase section */

/* Begin PBXGroup section */
		155C6116282F6DF200E26A22 = {
			isa = PBXGroup;
			children = (
				155C6121282F6DF200E26A22 /* Checkpoint */,
				15E0F463282F6F6B0073F2E8 /* BodyScan */,
				155C6120282F6DF200E26A22 /* Products */,
			);
			sourceTree = "<group>";
		};
		155C6120282F6DF200E26A22 /* Products */ = {
			isa = PBXGroup;
			children = (
				155C611F282F6DF200E26A22 /* Checkpoint.app */,
				15E0F462282F6F6B0073F2E8 /* BodyScan.appex */,
			);
			name = Products;
			sourceTree = "<group>";
		};
		155C6121282F6DF200E26A22 /* Checkpoint */ = {
			isa = PBXGroup;
			children = (
				155C6122282F6DF200E26A22 /* CheckpointApp.swift */,
				155C6124282F6DF200E26A22 /* ContentView.swift */,
				155C6126282F6DF600E26A22 /* Assets.xcassets */,
				155C612B282F6DF600E26A22 /* Checkpoint.entitlements */,
				155C6128282F6DF600E26A22 /* Preview Content */,
			);
			path = Checkpoint;
			sourceTree = "<group>";
		};
		155C6128282F6DF600E26A22 /* Preview Content */ = {
			isa = PBXGroup;
			children = (
				155C6129282F6DF600E26A22 /* Preview Assets.xcassets */,
			);
			path = "Preview Content";
			sourceTree = "<group>";
		};
		15E0F463282F6F6B0073F2E8 /* BodyScan */ = {
			isa = PBXGroup;
			children = (
				15E0F464282F6F6B0073F2E8 /* MailExtension.swift */,
				15E0F466282F6F6B0073F2E8 /* ComposeSessionHandler.swift */,
				152423E92A3590A900BFBD33 /* ComposeSessionView.swift */,
				152423EC2A35928A00BFBD33 /* SessionStore.swift */,
				15E0F46C282F6F6B0073F2E8 /* Info.plist */,
				15E0F46D282F6F6B0073F2E8 /* BodyScan.entitlements */,
				1599F9872A3453A900645DBA /* BodyScan.xcassets */,
			);
			path = BodyScan;
			sourceTree = "<group>";
		};
/* End PBXGroup section */

/* Begin PBXNativeTarget section */
		155C611E282F6DF200E26A22 /* Checkpoint */ = {
			isa = PBXNativeTarget;
			buildConfigurationList = 155C612E282F6DF600E26A22 /* Build configuration list for PBXNativeTarget "Checkpoint" */;
			buildPhases = (
				155C611B282F6DF200E26A22 /* Sources */,
				155C611C282F6DF200E26A22 /* Frameworks */,
				155C611D282F6DF200E26A22 /* Resources */,
				15E0F471282F6F6B0073F2E8 /* Embed Foundation Extensions */,
			);
			buildRules = (
			);
			dependencies = (
				15E0F46F282F6F6B0073F2E8 /* PBXTargetDependency */,
			);
			name = Checkpoint;
			productName = Checkpoint;
			productReference = 155C611F282F6DF200E26A22 /* Checkpoint.app */;
			productType = "com.apple.product-type.application";
		};
		15E0F461282F6F6B0073F2E8 /* BodyScan */ = {
			isa = PBXNativeTarget;
			buildConfigurationList = 15E0F474282F6F6B0073F2E8 /* Build configuration list for PBXNativeTarget "BodyScan" */;
			buildPhases = (
				15E0F45E282F6F6B0073F2E8 /* Sources */,
				15E0F45F282F6F6B0073F2E8 /* Frameworks */,
				15E0F460282F6F6B0073F2E8 /* Resources */,
			);
			buildRules = (
			);
			dependencies = (
			);
			name = BodyScan;
			productName = BodyScan;
			productReference = 15E0F462282F6F6B0073F2E8 /* BodyScan.appex */;
			productType = "com.apple.product-type.app-extension";
		};
/* End PBXNativeTarget section */

/* Begin PBXProject section */
		155C6117282F6DF200E26A22 /* Project object */ = {
			isa = PBXProject;
			attributes = {
				BuildIndependentTargetsInParallel = 1;
				LastSwiftUpdateCheck = 1310;
				LastUpgradeCheck = 1430;
				TargetAttributes = {
					155C611E282F6DF200E26A22 = {
						CreatedOnToolsVersion = 13.1;
					};
					15E0F461282F6F6B0073F2E8 = {
						CreatedOnToolsVersion = 13.1;
					};
				};
			};
			buildConfigurationList = 155C611A282F6DF200E26A22 /* Build configuration list for PBXProject "Checkpoint" */;
			compatibilityVersion = "Xcode 13.0";
			developmentRegion = en;
			hasScannedForEncodings = 0;
			knownRegions = (
				en,
				Base,
			);
			mainGroup = 155C6116282F6DF200E26A22;
			productRefGroup = 155C6120282F6DF200E26A22 /* Products */;
			projectDirPath = "";
			projectRoot = "";
			targets = (
				155C611E282F6DF200E26A22 /* Checkpoint */,
				15E0F461282F6F6B0073F2E8 /* BodyScan */,
			);
		};
/* End PBXProject section */

/* Begin PBXResourcesBuildPhase section */
		155C611D282F6DF200E26A22 /* Resources */ = {
			isa = PBXResourcesBuildPhase;
			buildActionMask = 2147483647;
			files = (
				155C612A282F6DF600E26A22 /* Preview Assets.xcassets in Resources */,
				155C6127282F6DF600E26A22 /* Assets.xcassets in Resources */,
			);
			runOnlyForDeploymentPostprocessing = 0;
		};
		15E0F460282F6F6B0073F2E8 /* Resources */ = {
			isa = PBXResourcesBuildPhase;
			buildActionMask = 2147483647;
			files = (
				1599F9882A3453A900645DBA /* BodyScan.xcassets in Resources */,
			);
			runOnlyForDeploymentPostprocessing = 0;
		};
/* End PBXResourcesBuildPhase section */

/* Begin PBXSourcesBuildPhase section */
		155C611B282F6DF200E26A22 /* Sources */ = {
			isa = PBXSourcesBuildPhase;
			buildActionMask = 2147483647;
			files = (
				155C6125282F6DF200E26A22 /* ContentView.swift in Sources */,
				155C6123282F6DF200E26A22 /* CheckpointApp.swift in Sources */,
			);
			runOnlyForDeploymentPostprocessing = 0;
		};
		15E0F45E282F6F6B0073F2E8 /* Sources */ = {
			isa = PBXSourcesBuildPhase;
			buildActionMask = 2147483647;
			files = (
				15E0F467282F6F6B0073F2E8 /* ComposeSessionHandler.swift in Sources */,
				152423EA2A3590A900BFBD33 /* ComposeSessionView.swift in Sources */,
				152423ED2A35928A00BFBD33 /* SessionStore.swift in Sources */,
				15E0F465282F6F6B0073F2E8 /* MailExtension.swift in Sources */,
			);
			runOnlyForDeploymentPostprocessing = 0;
		};
/* End PBXSourcesBuildPhase section */

/* Begin PBXTargetDependency section */
		15E0F46F282F6F6B0073F2E8 /* PBXTargetDependency */ = {
			isa = PBXTargetDependency;
			target = 15E0F461282F6F6B0073F2E8 /* BodyScan */;
			targetProxy = 15E0F46E282F6F6B0073F2E8 /* PBXContainerItemProxy */;
		};
/* End PBXTargetDependency section */

/* Begin XCBuildConfiguration section */
		155C612C282F6DF600E26A22 /* Debug */ = {
			isa = XCBuildConfiguration;
			buildSettings = {
				ALWAYS_SEARCH_USER_PATHS = NO;
				CLANG_ANALYZER_NONNULL = YES;
				CLANG_ANALYZER_NUMBER_OBJECT_CONVERSION = YES_AGGRESSIVE;
				CLANG_CXX_LANGUAGE_STANDARD = "gnu++17";
				CLANG_CXX_LIBRARY = "libc++";
				CLANG_ENABLE_MODULES = YES;
				CLANG_ENABLE_OBJC_ARC = YES;
				CLANG_ENABLE_OBJC_WEAK = YES;
				CLANG_WARN_BLOCK_CAPTURE_AUTORELEASING = YES;
				CLANG_WARN_BOOL_CONVERSION = YES;
				CLANG_WARN_COMMA = YES;
				CLANG_WARN_CONSTANT_CONVERSION = YES;
				CLANG_WARN_DEPRECATED_OBJC_IMPLEMENTATIONS = YES;
				CLANG_WARN_DIRECT_OBJC_ISA_USAGE = YES_ERROR;
				CLANG_WARN_DOCUMENTATION_COMMENTS = YES;
				CLANG_WARN_EMPTY_BODY = YES;
				CLANG_WARN_ENUM_CONVERSION = YES;
				CLANG_WARN_INFINITE_RECURSION = YES;
				CLANG_WARN_INT_CONVERSION = YES;
				CLANG_WARN_NON_LITERAL_NULL_CONVERSION = YES;
				CLANG_WARN_OBJC_IMPLICIT_RETAIN_SELF = YES;
				CLANG_WARN_OBJC_LITERAL_CONVERSION = YES;
				CLANG_WARN_OBJC_ROOT_CLASS = YES_ERROR;
				CLANG_WARN_QUOTED_INCLUDE_IN_FRAMEWORK_HEADER = YES;
				CLANG_WARN_RANGE_LOOP_ANALYSIS = YES;
				CLANG_WARN_STRICT_PROTOTYPES = YES;
				CLANG_WARN_SUSPICIOUS_MOVE = YES;
				CLANG_WARN_UNGUARDED_AVAILABILITY = YES_AGGRESSIVE;
				CLANG_WARN_UNREACHABLE_CODE = YES;
				CLANG_WARN__DUPLICATE_METHOD_MATCH = YES;
				COPY_PHASE_STRIP = NO;
				DEAD_CODE_STRIPPING = YES;
				DEBUG_INFORMATION_FORMAT = dwarf;
				ENABLE_STRICT_OBJC_MSGSEND = YES;
				ENABLE_TESTABILITY = YES;
				GCC_C_LANGUAGE_STANDARD = gnu11;
				GCC_DYNAMIC_NO_PIC = NO;
				GCC_NO_COMMON_BLOCKS = YES;
				GCC_OPTIMIZATION_LEVEL = 0;
				GCC_PREPROCESSOR_DEFINITIONS = (
					"DEBUG=1",
					"$(inherited)",
				);
				GCC_WARN_64_TO_32_BIT_CONVERSION = YES;
				GCC_WARN_ABOUT_RETURN_TYPE = YES_ERROR;
				GCC_WARN_UNDECLARED_SELECTOR = YES;
				GCC_WARN_UNINITIALIZED_AUTOS = YES_AGGRESSIVE;
				GCC_WARN_UNUSED_FUNCTION = YES;
				GCC_WARN_UNUSED_VARIABLE = YES;
				MACOSX_DEPLOYMENT_TARGET = 12.0;
				MTL_ENABLE_DEBUG_INFO = INCLUDE_SOURCE;
				MTL_FAST_MATH = YES;
				ONLY_ACTIVE_ARCH = YES;
				SDKROOT = macosx;
				SWIFT_ACTIVE_COMPILATION_CONDITIONS = DEBUG;
				SWIFT_OPTIMIZATION_LEVEL = "-Onone";
			};
			name = Debug;
		};
		155C612D282F6DF600E26A22 /* Release */ = {
			isa = XCBuildConfiguration;
			buildSettings = {
				ALWAYS_SEARCH_USER_PATHS = NO;
				CLANG_ANALYZER_NONNULL = YES;
				CLANG_ANALYZER_NUMBER_OBJECT_CONVERSION = YES_AGGRESSIVE;
				CLANG_CXX_LANGUAGE_STANDARD = "gnu++17";
				CLANG_CXX_LIBRARY = "libc++";
				CLANG_ENABLE_MODULES = YES;
				CLANG_ENABLE_OBJC_ARC = YES;
				CLANG_ENABLE_OBJC_WEAK = YES;
				CLANG_WARN_BLOCK_CAPTURE_AUTORELEASING = YES;
				CLANG_WARN_BOOL_CONVERSION = YES;
				CLANG_WARN_COMMA = YES;
				CLANG_WARN_CONSTANT_CONVERSION = YES;
				CLANG_WARN_DEPRECATED_OBJC_IMPLEMENTATIONS = YES;
				CLANG_WARN_DIRECT_OBJC_ISA_USAGE = YES_ERROR;
				CLANG_WARN_DOCUMENTATION_COMMENTS = YES;
				CLANG_WARN_EMPTY_BODY = YES;
				CLANG_WARN_ENUM_CONVERSION = YES;
				CLANG_WARN_INFINITE_RECURSION = YES;
				CLANG_WARN_INT_CONVERSION = YES;
				CLANG_WARN_NON_LITERAL_NULL_CONVERSION = YES;
				CLANG_WARN_OBJC_IMPLICIT_RETAIN_SELF = YES;
				CLANG_WARN_OBJC_LITERAL_CONVERSION = YES;
				CLANG_WARN_OBJC_ROOT_CLASS = YES_ERROR;
				CLANG_WARN_QUOTED_INCLUDE_IN_FRAMEWORK_HEADER = YES;
				CLANG_WARN_RANGE_LOOP_ANALYSIS = YES;
				CLANG_WARN_STRICT_PROTOTYPES = YES;
				CLANG_WARN_SUSPICIOUS_MOVE = YES;
				CLANG_WARN_UNGUARDED_AVAILABILITY = YES_AGGRESSIVE;
				CLANG_WARN_UNREACHABLE_CODE = YES;
				CLANG_WARN__DUPLICATE_METHOD_MATCH = YES;
				COPY_PHASE_STRIP = NO;
				DEAD_CODE_STRIPPING = YES;
				DEBUG_INFORMATION_FORMAT = "dwarf-with-dsym";
				ENABLE_NS_ASSERTIONS = NO;
				ENABLE_STRICT_OBJC_MSGSEND = YES;
				GCC_C_LANGUAGE_STANDARD = gnu11;
				GCC_NO_COMMON_BLOCKS = YES;
				GCC_WARN_64_TO_32_BIT_CONVERSION = YES;
				GCC_WARN_ABOUT_RETURN_TYPE = YES_ERROR;
				GCC_WARN_UNDECLARED_SELECTOR = YES;
				GCC_WARN_UNINITIALIZED_AUTOS = YES_AGGRESSIVE;
				GCC_WARN_UNUSED_FUNCTION = YES;
				GCC_WARN_UNUSED_VARIABLE = YES;
				MACOSX_DEPLOYMENT_TARGET = 12.0;
				MTL_ENABLE_DEBUG_INFO = NO;
				MTL_FAST_MATH = YES;
				SDKROOT = macosx;
				SWIFT_COMPILATION_MODE = wholemodule;
				SWIFT_OPTIMIZATION_LEVEL = "-O";
			};
			name = Release;
		};
		155C612F282F6DF600E26A22 /* Debug */ = {
			isa = XCBuildConfiguration;
			buildSettings = {
				ALWAYS_EMBED_SWIFT_STANDARD_LIBRARIES = YES;
				ASSETCATALOG_COMPILER_APPICON_NAME = AppIcon;
				ASSETCATALOG_COMPILER_GLOBAL_ACCENT_COLOR_NAME = AccentColor;
				CODE_SIGN_ENTITLEMENTS = Checkpoint/Checkpoint.entitlements;
				CODE_SIGN_STYLE = Automatic;
				COMBINE_HIDPI_IMAGES = YES;
				CURRENT_PROJECT_VERSION = 1;
				DEAD_CODE_STRIPPING = YES;
				DEVELOPMENT_ASSET_PATHS = "\"Checkpoint/Preview Content\"";
				DEVELOPMENT_TEAM = 39UWSCXL32;
				ENABLE_HARDENED_RUNTIME = YES;
				ENABLE_PREVIEWS = YES;
				GENERATE_INFOPLIST_FILE = YES;
				INFOPLIST_KEY_NSHumanReadableCopyright = "";
				LD_RUNPATH_SEARCH_PATHS = (
					"$(inherited)",
					"@executable_path/../Frameworks",
				);
				MARKETING_VERSION = 1.0;
				PRODUCT_BUNDLE_IDENTIFIER = sh.linus.Checkpoint;
				PRODUCT_NAME = "$(TARGET_NAME)";
				SWIFT_EMIT_LOC_STRINGS = YES;
				SWIFT_VERSION = 5.0;
			};
			name = Debug;
		};
		155C6130282F6DF600E26A22 /* Release */ = {
			isa = XCBuildConfiguration;
			buildSettings = {
				ALWAYS_EMBED_SWIFT_STANDARD_LIBRARIES = YES;
				ASSETCATALOG_COMPILER_APPICON_NAME = AppIcon;
				ASSETCATALOG_COMPILER_GLOBAL_ACCENT_COLOR_NAME = AccentColor;
				CODE_SIGN_ENTITLEMENTS = Checkpoint/Checkpoint.entitlements;
				CODE_SIGN_STYLE = Automatic;
				COMBINE_HIDPI_IMAGES = YES;
				CURRENT_PROJECT_VERSION = 1;
				DEAD_CODE_STRIPPING = YES;
				DEVELOPMENT_ASSET_PATHS = "\"Checkpoint/Preview Content\"";
				DEVELOPMENT_TEAM = 39UWSCXL32;
				ENABLE_HARDENED_RUNTIME = YES;
				ENABLE_PREVIEWS = YES;
				GENERATE_INFOPLIST_FILE = YES;
				INFOPLIST_KEY_NSHumanReadableCopyright = "";
				LD_RUNPATH_SEARCH_PATHS = (
					"$(inherited)",
					"@executable_path/../Frameworks",
				);
				MARKETING_VERSION = 1.0;
				PRODUCT_BUNDLE_IDENTIFIER = sh.linus.Checkpoint;
				PRODUCT_NAME = "$(TARGET_NAME)";
				SWIFT_EMIT_LOC_STRINGS = YES;
				SWIFT_VERSION = 5.0;
			};
			name = Release;
		};
		15E0F472282F6F6B0073F2E8 /* Debug */ = {
			isa = XCBuildConfiguration;
			buildSettings = {
				ASSETCATALOG_COMPILER_APPICON_NAME = AppIcon;
				CODE_SIGN_ENTITLEMENTS = BodyScan/BodyScan.entitlements;
				CODE_SIGN_STYLE = Automatic;
				COMBINE_HIDPI_IMAGES = YES;
				CURRENT_PROJECT_VERSION = 1;
				DEAD_CODE_STRIPPING = YES;
				DEVELOPMENT_TEAM = 39UWSCXL32;
				ENABLE_HARDENED_RUNTIME = YES;
				GENERATE_INFOPLIST_FILE = YES;
				INFOPLIST_FILE = BodyScan/Info.plist;
				INFOPLIST_KEY_CFBundleDisplayName = Checkpoint;
				INFOPLIST_KEY_NSHumanReadableCopyright = "Copyright © 2023 Linus Skucas. All rights reserved.";
				LD_RUNPATH_SEARCH_PATHS = (
					"$(inherited)",
					"@executable_path/../Frameworks",
					"@executable_path/../../../../Frameworks",
				);
				MACOSX_DEPLOYMENT_TARGET = 12.0;
				MARKETING_VERSION = 1.0;
				PRODUCT_BUNDLE_IDENTIFIER = sh.linus.Checkpoint.BodyScan;
				PRODUCT_NAME = "$(TARGET_NAME)";
				SKIP_INSTALL = YES;
				SWIFT_EMIT_LOC_STRINGS = YES;
				SWIFT_VERSION = 5.0;
			};
			name = Debug;
		};
		15E0F473282F6F6B0073F2E8 /* Release */ = {
			isa = XCBuildConfiguration;
			buildSettings = {
				ASSETCATALOG_COMPILER_APPICON_NAME = AppIcon;
				CODE_SIGN_ENTITLEMENTS = BodyScan/BodyScan.entitlements;
				CODE_SIGN_STYLE = Automatic;
				COMBINE_HIDPI_IMAGES = YES;
				CURRENT_PROJECT_VERSION = 1;
				DEAD_CODE_STRIPPING = YES;
				DEVELOPMENT_TEAM = 39UWSCXL32;
				ENABLE_HARDENED_RUNTIME = YES;
				GENERATE_INFOPLIST_FILE = YES;
				INFOPLIST_FILE = BodyScan/Info.plist;
				INFOPLIST_KEY_CFBundleDisplayName = Checkpoint;
				INFOPLIST_KEY_NSHumanReadableCopyright = "Copyright © 2023 Linus Skucas. All rights reserved.";
				LD_RUNPATH_SEARCH_PATHS = (
					"$(inherited)",
					"@executable_path/../Frameworks",
					"@executable_path/../../../../Frameworks",
				);
				MACOSX_DEPLOYMENT_TARGET = 12.0;
				MARKETING_VERSION = 1.0;
				PRODUCT_BUNDLE_IDENTIFIER = sh.linus.Checkpoint.BodyScan;
				PRODUCT_NAME = "$(TARGET_NAME)";
				SKIP_INSTALL = YES;
				SWIFT_EMIT_LOC_STRINGS = YES;
				SWIFT_VERSION = 5.0;
			};
			name = Release;
		};
/* End XCBuildConfiguration section */

/* Begin XCConfigurationList section */
		155C611A282F6DF200E26A22 /* Build configuration list for PBXProject "Checkpoint" */ = {
			isa = XCConfigurationList;
			buildConfigurations = (
				155C612C282F6DF600E26A22 /* Debug */,
				155C612D282F6DF600E26A22 /* Release */,
			);
			defaultConfigurationIsVisible = 0;
			defaultConfigurationName = Release;
		};
		155C612E282F6DF600E26A22 /* Build configuration list for PBXNativeTarget "Checkpoint" */ = {
			isa = XCConfigurationList;
			buildConfigurations = (
				155C612F282F6DF600E26A22 /* Debug */,
				155C6130282F6DF600E26A22 /* Release */,
			);
			defaultConfigurationIsVisible = 0;
			defaultConfigurationName = Release;
		};
		15E0F474282F6F6B0073F2E8 /* Build configuration list for PBXNativeTarget "BodyScan" */ = {
			isa = XCConfigurationList;
			buildConfigurations = (
				15E0F472282F6F6B0073F2E8 /* Debug */,
				15E0F473282F6F6B0073F2E8 /* Release */,
			);
			defaultConfigurationIsVisible = 0;
			defaultConfigurationName = Release;
		};
/* End XCConfigurationList section */
	};
	rootObject = 155C6117282F6DF200E26A22 /* Project object */;
}
